
Microsoft Visual Studio Solution File, Format Version 12.00
Project("{FAE04EC0-301F-11D3-BF4B-00C04F79EFBC}") = "InfoTecsWebApi", "InfoTecsWebApi\InfoTecsWebApi.csproj", "{2DBF0C2A-F465-4166-A115-41C7194F0EA3}"
EndProject
Project("{FAE04EC0-301F-11D3-BF4B-00C04F79EFBC}") = "Services.Contracts", "Services.Contracts\Services.Contracts.csproj", "{E6994F15-3160-419A-B804-EF4D7CA77909}"
EndProject
Project("{FAE04EC0-301F-11D3-BF4B-00C04F79EFBC}") = "Entities", "Entities\Entities.csproj", "{D34B1C33-3F04-428A-BDB1-B9F50FB5ABC4}"
EndProject
Project("{FAE04EC0-301F-11D3-BF4B-00C04F79EFBC}") = "Services", "Services\Services.csproj", "{6745FF3A-5071-4AF6-ADAE-522F29798C3D}"
EndProject
Project("{2150E333-8FDC-42A3-9474-1A3956D46DE8}") = "Domain", "Domain", "{80F3CD5B-D214-46F8-8E17-B2B7183A93A0}"
EndProject
Project("{2150E333-8FDC-42A3-9474-1A3956D46DE8}") = "Infrastructure", "Infrastructure", "{D1A686AB-92D4-4663-8220-26A94AFC0D69}"
EndProject
Project("{FAE04EC0-301F-11D3-BF4B-00C04F79EFBC}") = "Context", "Context\Context.csproj", "{599A99BD-584A-4FF0-ACA2-3D9A0F04CE56}"
EndProject
Project("{FAE04EC0-301F-11D3-BF4B-00C04F79EFBC}") = "Repository.Contracts", "Repository.Contracts\Repository.Contracts.csproj", "{C4D93147-F5F9-4B23-B11A-D2A8ABF50A84}"
EndProject
Project("{FAE04EC0-301F-11D3-BF4B-00C04F79EFBC}") = "Repositories", "Repositories\Repositories.csproj", "{F4AB3537-ECDD-4C34-8EED-3446BF05A9DB}"
EndProject
Project("{2150E333-8FDC-42A3-9474-1A3956D46DE8}") = "Application", "Application", "{F6D03E9F-4341-44F2-88FD-21D55557C17A}"
EndProject
Project("{FAE04EC0-301F-11D3-BF4B-00C04F79EFBC}") = "UseCases", "UseCases\UseCases.csproj", "{9615EF38-F814-41DF-A372-918E4D6FE1F6}"
EndProject
Project("{FAE04EC0-301F-11D3-BF4B-00C04F79EFBC}") = "UseCases.Contracts", "UseCases.Contracts\UseCases.Contracts.csproj", "{CA08F9CA-E53E-4547-AB72-1D60907C6C45}"
EndProject
Global
	GlobalSection(SolutionConfigurationPlatforms) = preSolution
		Debug|Any CPU = Debug|Any CPU
		Release|Any CPU = Release|Any CPU
	EndGlobalSection
	GlobalSection(ProjectConfigurationPlatforms) = postSolution
		{2DBF0C2A-F465-4166-A115-41C7194F0EA3}.Debug|Any CPU.ActiveCfg = Debug|Any CPU
		{2DBF0C2A-F465-4166-A115-41C7194F0EA3}.Debug|Any CPU.Build.0 = Debug|Any CPU
		{2DBF0C2A-F465-4166-A115-41C7194F0EA3}.Release|Any CPU.ActiveCfg = Release|Any CPU
		{2DBF0C2A-F465-4166-A115-41C7194F0EA3}.Release|Any CPU.Build.0 = Release|Any CPU
		{E6994F15-3160-419A-B804-EF4D7CA77909}.Debug|Any CPU.ActiveCfg = Debug|Any CPU
		{E6994F15-3160-419A-B804-EF4D7CA77909}.Debug|Any CPU.Build.0 = Debug|Any CPU
		{E6994F15-3160-419A-B804-EF4D7CA77909}.Release|Any CPU.ActiveCfg = Release|Any CPU
		{E6994F15-3160-419A-B804-EF4D7CA77909}.Release|Any CPU.Build.0 = Release|Any CPU
		{D34B1C33-3F04-428A-BDB1-B9F50FB5ABC4}.Debug|Any CPU.ActiveCfg = Debug|Any CPU
		{D34B1C33-3F04-428A-BDB1-B9F50FB5ABC4}.Debug|Any CPU.Build.0 = Debug|Any CPU
		{D34B1C33-3F04-428A-BDB1-B9F50FB5ABC4}.Release|Any CPU.ActiveCfg = Release|Any CPU
		{D34B1C33-3F04-428A-BDB1-B9F50FB5ABC4}.Release|Any CPU.Build.0 = Release|Any CPU
		{6745FF3A-5071-4AF6-ADAE-522F29798C3D}.Debug|Any CPU.ActiveCfg = Debug|Any CPU
		{6745FF3A-5071-4AF6-ADAE-522F29798C3D}.Debug|Any CPU.Build.0 = Debug|Any CPU
		{6745FF3A-5071-4AF6-ADAE-522F29798C3D}.Release|Any CPU.ActiveCfg = Release|Any CPU
		{6745FF3A-5071-4AF6-ADAE-522F29798C3D}.Release|Any CPU.Build.0 = Release|Any CPU
		{599A99BD-584A-4FF0-ACA2-3D9A0F04CE56}.Debug|Any CPU.ActiveCfg = Debug|Any CPU
		{599A99BD-584A-4FF0-ACA2-3D9A0F04CE56}.Debug|Any CPU.Build.0 = Debug|Any CPU
		{599A99BD-584A-4FF0-ACA2-3D9A0F04CE56}.Release|Any CPU.ActiveCfg = Release|Any CPU
		{599A99BD-584A-4FF0-ACA2-3D9A0F04CE56}.Release|Any CPU.Build.0 = Release|Any CPU
		{C4D93147-F5F9-4B23-B11A-D2A8ABF50A84}.Debug|Any CPU.ActiveCfg = Debug|Any CPU
		{C4D93147-F5F9-4B23-B11A-D2A8ABF50A84}.Debug|Any CPU.Build.0 = Debug|Any CPU
		{C4D93147-F5F9-4B23-B11A-D2A8ABF50A84}.Release|Any CPU.ActiveCfg = Release|Any CPU
		{C4D93147-F5F9-4B23-B11A-D2A8ABF50A84}.Release|Any CPU.Build.0 = Release|Any CPU
		{F4AB3537-ECDD-4C34-8EED-3446BF05A9DB}.Debug|Any CPU.ActiveCfg = Debug|Any CPU
		{F4AB3537-ECDD-4C34-8EED-3446BF05A9DB}.Debug|Any CPU.Build.0 = Debug|Any CPU
		{F4AB3537-ECDD-4C34-8EED-3446BF05A9DB}.Release|Any CPU.ActiveCfg = Release|Any CPU
		{F4AB3537-ECDD-4C34-8EED-3446BF05A9DB}.Release|Any CPU.Build.0 = Release|Any CPU
		{9615EF38-F814-41DF-A372-918E4D6FE1F6}.Debug|Any CPU.ActiveCfg = Debug|Any CPU
		{9615EF38-F814-41DF-A372-918E4D6FE1F6}.Debug|Any CPU.Build.0 = Debug|Any CPU
		{9615EF38-F814-41DF-A372-918E4D6FE1F6}.Release|Any CPU.ActiveCfg = Release|Any CPU
		{9615EF38-F814-41DF-A372-918E4D6FE1F6}.Release|Any CPU.Build.0 = Release|Any CPU
		{CA08F9CA-E53E-4547-AB72-1D60907C6C45}.Debug|Any CPU.ActiveCfg = Debug|Any CPU
		{CA08F9CA-E53E-4547-AB72-1D60907C6C45}.Debug|Any CPU.Build.0 = Debug|Any CPU
		{CA08F9CA-E53E-4547-AB72-1D60907C6C45}.Release|Any CPU.ActiveCfg = Release|Any CPU
		{CA08F9CA-E53E-4547-AB72-1D60907C6C45}.Release|Any CPU.Build.0 = Release|Any CPU
	EndGlobalSection
	GlobalSection(NestedProjects) = preSolution
		{6745FF3A-5071-4AF6-ADAE-522F29798C3D} = {80F3CD5B-D214-46F8-8E17-B2B7183A93A0}
		{D34B1C33-3F04-428A-BDB1-B9F50FB5ABC4} = {80F3CD5B-D214-46F8-8E17-B2B7183A93A0}
		{E6994F15-3160-419A-B804-EF4D7CA77909} = {80F3CD5B-D214-46F8-8E17-B2B7183A93A0}
		{599A99BD-584A-4FF0-ACA2-3D9A0F04CE56} = {D1A686AB-92D4-4663-8220-26A94AFC0D69}
		{C4D93147-F5F9-4B23-B11A-D2A8ABF50A84} = {80F3CD5B-D214-46F8-8E17-B2B7183A93A0}
		{F4AB3537-ECDD-4C34-8EED-3446BF05A9DB} = {D1A686AB-92D4-4663-8220-26A94AFC0D69}
		{9615EF38-F814-41DF-A372-918E4D6FE1F6} = {F6D03E9F-4341-44F2-88FD-21D55557C17A}
		{CA08F9CA-E53E-4547-AB72-1D60907C6C45} = {F6D03E9F-4341-44F2-88FD-21D55557C17A}
	EndGlobalSection
EndGlobal
